
Microsoft Visual Studio Solution File, Format Version 12.00
# Visual Studio Version 17
VisualStudioVersion = 17.0.31903.59
MinimumVisualStudioVersion = 10.0.40219.1
Project("{FAE04EC0-301F-11D3-BF4B-00C04F79EFBC}") = "Contracts", "Contracts\Contracts.csproj", "{7364763E-E360-4F7E-92ED-00124C7B3BE0}"
EndProject
Project("{FAE04EC0-301F-11D3-BF4B-00C04F79EFBC}") = "Infrastructure", "Infrastructure\Infrastructure.csproj", "{C5672B9E-527F-4BA5-9FE0-90E9BB1A2207}"
EndProject
Project("{FAE04EC0-301F-11D3-BF4B-00C04F79EFBC}") = "Data", "Data\Data.csproj", "{6B6D02D5-CEC1-41BD-9BF8-84C7F3F35C3F}"
EndProject
Project("{FAE04EC0-301F-11D3-BF4B-00C04F79EFBC}") = "Test", "Test\Test.csproj", "{D4970A67-40F4-4728-91C8-258B8E608147}"
EndProject
Project("{FAE04EC0-301F-11D3-BF4B-00C04F79EFBC}") = "Api", "Api\Api.csproj", "{66529905-9D23-44E4-9505-F4189CBCCBFE}"
EndProject
Project("{FAE04EC0-301F-11D3-BF4B-00C04F79EFBC}") = "RemoteNode", "RemoteNode\RemoteNode.csproj", "{3248ED1E-8A17-4E58-848E-27CC9395EB7A}"
EndProject
Global
	GlobalSection(SolutionConfigurationPlatforms) = preSolution
		Debug|Any CPU = Debug|Any CPU
		Debug|x64 = Debug|x64
		Debug|x86 = Debug|x86
		Release|Any CPU = Release|Any CPU
		Release|x64 = Release|x64
		Release|x86 = Release|x86
	EndGlobalSection
	GlobalSection(ProjectConfigurationPlatforms) = postSolution
		{7364763E-E360-4F7E-92ED-00124C7B3BE0}.Debug|Any CPU.ActiveCfg = Debug|Any CPU
		{7364763E-E360-4F7E-92ED-00124C7B3BE0}.Debug|Any CPU.Build.0 = Debug|Any CPU
		{7364763E-E360-4F7E-92ED-00124C7B3BE0}.Debug|x64.ActiveCfg = Debug|Any CPU
		{7364763E-E360-4F7E-92ED-00124C7B3BE0}.Debug|x64.Build.0 = Debug|Any CPU
		{7364763E-E360-4F7E-92ED-00124C7B3BE0}.Debug|x86.ActiveCfg = Debug|Any CPU
		{7364763E-E360-4F7E-92ED-00124C7B3BE0}.Debug|x86.Build.0 = Debug|Any CPU
		{7364763E-E360-4F7E-92ED-00124C7B3BE0}.Release|Any CPU.ActiveCfg = Release|Any CPU
		{7364763E-E360-4F7E-92ED-00124C7B3BE0}.Release|Any CPU.Build.0 = Release|Any CPU
		{7364763E-E360-4F7E-92ED-00124C7B3BE0}.Release|x64.ActiveCfg = Release|Any CPU
		{7364763E-E360-4F7E-92ED-00124C7B3BE0}.Release|x64.Build.0 = Release|Any CPU
		{7364763E-E360-4F7E-92ED-00124C7B3BE0}.Release|x86.ActiveCfg = Release|Any CPU
		{7364763E-E360-4F7E-92ED-00124C7B3BE0}.Release|x86.Build.0 = Release|Any CPU
		{C5672B9E-527F-4BA5-9FE0-90E9BB1A2207}.Debug|Any CPU.ActiveCfg = Debug|Any CPU
		{C5672B9E-527F-4BA5-9FE0-90E9BB1A2207}.Debug|Any CPU.Build.0 = Debug|Any CPU
		{C5672B9E-527F-4BA5-9FE0-90E9BB1A2207}.Debug|x64.ActiveCfg = Debug|Any CPU
		{C5672B9E-527F-4BA5-9FE0-90E9BB1A2207}.Debug|x64.Build.0 = Debug|Any CPU
		{C5672B9E-527F-4BA5-9FE0-90E9BB1A2207}.Debug|x86.ActiveCfg = Debug|Any CPU
		{C5672B9E-527F-4BA5-9FE0-90E9BB1A2207}.Debug|x86.Build.0 = Debug|Any CPU
		{C5672B9E-527F-4BA5-9FE0-90E9BB1A2207}.Release|Any CPU.ActiveCfg = Release|Any CPU
		{C5672B9E-527F-4BA5-9FE0-90E9BB1A2207}.Release|Any CPU.Build.0 = Release|Any CPU
		{C5672B9E-527F-4BA5-9FE0-90E9BB1A2207}.Release|x64.ActiveCfg = Release|Any CPU
		{C5672B9E-527F-4BA5-9FE0-90E9BB1A2207}.Release|x64.Build.0 = Release|Any CPU
		{C5672B9E-527F-4BA5-9FE0-90E9BB1A2207}.Release|x86.ActiveCfg = Release|Any CPU
		{C5672B9E-527F-4BA5-9FE0-90E9BB1A2207}.Release|x86.Build.0 = Release|Any CPU
		{6B6D02D5-CEC1-41BD-9BF8-84C7F3F35C3F}.Debug|Any CPU.ActiveCfg = Debug|Any CPU
		{6B6D02D5-CEC1-41BD-9BF8-84C7F3F35C3F}.Debug|Any CPU.Build.0 = Debug|Any CPU
		{6B6D02D5-CEC1-41BD-9BF8-84C7F3F35C3F}.Debug|x64.ActiveCfg = Debug|Any CPU
		{6B6D02D5-CEC1-41BD-9BF8-84C7F3F35C3F}.Debug|x64.Build.0 = Debug|Any CPU
		{6B6D02D5-CEC1-41BD-9BF8-84C7F3F35C3F}.Debug|x86.ActiveCfg = Debug|Any CPU
		{6B6D02D5-CEC1-41BD-9BF8-84C7F3F35C3F}.Debug|x86.Build.0 = Debug|Any CPU
		{6B6D02D5-CEC1-41BD-9BF8-84C7F3F35C3F}.Release|Any CPU.ActiveCfg = Release|Any CPU
		{6B6D02D5-CEC1-41BD-9BF8-84C7F3F35C3F}.Release|Any CPU.Build.0 = Release|Any CPU
		{6B6D02D5-CEC1-41BD-9BF8-84C7F3F35C3F}.Release|x64.ActiveCfg = Release|Any CPU
		{6B6D02D5-CEC1-41BD-9BF8-84C7F3F35C3F}.Release|x64.Build.0 = Release|Any CPU
		{6B6D02D5-CEC1-41BD-9BF8-84C7F3F35C3F}.Release|x86.ActiveCfg = Release|Any CPU
		{6B6D02D5-CEC1-41BD-9BF8-84C7F3F35C3F}.Release|x86.Build.0 = Release|Any CPU
		{D4970A67-40F4-4728-91C8-258B8E608147}.Debug|Any CPU.ActiveCfg = Debug|Any CPU
		{D4970A67-40F4-4728-91C8-258B8E608147}.Debug|Any CPU.Build.0 = Debug|Any CPU
		{D4970A67-40F4-4728-91C8-258B8E608147}.Debug|x64.ActiveCfg = Debug|Any CPU
		{D4970A67-40F4-4728-91C8-258B8E608147}.Debug|x64.Build.0 = Debug|Any CPU
		{D4970A67-40F4-4728-91C8-258B8E608147}.Debug|x86.ActiveCfg = Debug|Any CPU
		{D4970A67-40F4-4728-91C8-258B8E608147}.Debug|x86.Build.0 = Debug|Any CPU
		{D4970A67-40F4-4728-91C8-258B8E608147}.Release|Any CPU.ActiveCfg = Release|Any CPU
		{D4970A67-40F4-4728-91C8-258B8E608147}.Release|Any CPU.Build.0 = Release|Any CPU
		{D4970A67-40F4-4728-91C8-258B8E608147}.Release|x64.ActiveCfg = Release|Any CPU
		{D4970A67-40F4-4728-91C8-258B8E608147}.Release|x64.Build.0 = Release|Any CPU
		{D4970A67-40F4-4728-91C8-258B8E608147}.Release|x86.ActiveCfg = Release|Any CPU
		{D4970A67-40F4-4728-91C8-258B8E608147}.Release|x86.Build.0 = Release|Any CPU
		{66529905-9D23-44E4-9505-F4189CBCCBFE}.Debug|Any CPU.ActiveCfg = Debug|Any CPU
		{66529905-9D23-44E4-9505-F4189CBCCBFE}.Debug|Any CPU.Build.0 = Debug|Any CPU
		{66529905-9D23-44E4-9505-F4189CBCCBFE}.Debug|x64.ActiveCfg = Debug|Any CPU
		{66529905-9D23-44E4-9505-F4189CBCCBFE}.Debug|x64.Build.0 = Debug|Any CPU
		{66529905-9D23-44E4-9505-F4189CBCCBFE}.Debug|x86.ActiveCfg = Debug|Any CPU
		{66529905-9D23-44E4-9505-F4189CBCCBFE}.Debug|x86.Build.0 = Debug|Any CPU
		{66529905-9D23-44E4-9505-F4189CBCCBFE}.Release|Any CPU.ActiveCfg = Release|Any CPU
		{66529905-9D23-44E4-9505-F4189CBCCBFE}.Release|Any CPU.Build.0 = Release|Any CPU
		{66529905-9D23-44E4-9505-F4189CBCCBFE}.Release|x64.ActiveCfg = Release|Any CPU
		{66529905-9D23-44E4-9505-F4189CBCCBFE}.Release|x64.Build.0 = Release|Any CPU
		{66529905-9D23-44E4-9505-F4189CBCCBFE}.Release|x86.ActiveCfg = Release|Any CPU
		{66529905-9D23-44E4-9505-F4189CBCCBFE}.Release|x86.Build.0 = Release|Any CPU
		{3248ED1E-8A17-4E58-848E-27CC9395EB7A}.Debug|Any CPU.ActiveCfg = Debug|Any CPU
		{3248ED1E-8A17-4E58-848E-27CC9395EB7A}.Debug|Any CPU.Build.0 = Debug|Any CPU
		{3248ED1E-8A17-4E58-848E-27CC9395EB7A}.Debug|x64.ActiveCfg = Debug|Any CPU
		{3248ED1E-8A17-4E58-848E-27CC9395EB7A}.Debug|x64.Build.0 = Debug|Any CPU
		{3248ED1E-8A17-4E58-848E-27CC9395EB7A}.Debug|x86.ActiveCfg = Debug|Any CPU
		{3248ED1E-8A17-4E58-848E-27CC9395EB7A}.Debug|x86.Build.0 = Debug|Any CPU
		{3248ED1E-8A17-4E58-848E-27CC9395EB7A}.Release|Any CPU.ActiveCfg = Release|Any CPU
		{3248ED1E-8A17-4E58-848E-27CC9395EB7A}.Release|Any CPU.Build.0 = Release|Any CPU
		{3248ED1E-8A17-4E58-848E-27CC9395EB7A}.Release|x64.ActiveCfg = Release|Any CPU
		{3248ED1E-8A17-4E58-848E-27CC9395EB7A}.Release|x64.Build.0 = Release|Any CPU
		{3248ED1E-8A17-4E58-848E-27CC9395EB7A}.Release|x86.ActiveCfg = Release|Any CPU
		{3248ED1E-8A17-4E58-848E-27CC9395EB7A}.Release|x86.Build.0 = Release|Any CPU
	EndGlobalSection
	GlobalSection(SolutionProperties) = preSolution
		HideSolutionNode = FALSE
	EndGlobalSection
EndGlobal
