
Microsoft Visual Studio Solution File, Format Version 12.00
# Visual Studio Version 17
VisualStudioVersion = 17.0.31903.59
MinimumVisualStudioVersion = 10.0.40219.1
Project("{FAE04EC0-301F-11D3-BF4B-00C04F79EFBC}") = "Contracts", "Contracts\Contracts.csproj", "{7364763E-E360-4F7E-92ED-00124C7B3BE0}"
EndProject
Project("{FAE04EC0-301F-11D3-BF4B-00C04F79EFBC}") = "Infrastructure", "Infrastructure\Infrastructure.csproj", "{C5672B9E-527F-4BA5-9FE0-90E9BB1A2207}"
EndProject
Project("{FAE04EC0-301F-11D3-BF4B-00C04F79EFBC}") = "Repositories", "Repositories\Repositories.csproj", "{6B6D02D5-CEC1-41BD-9BF8-84C7F3F35C3F}"
EndProject
Project("{FAE04EC0-301F-11D3-BF4B-00C04F79EFBC}") = "Test", "Test\Test.csproj", "{D4970A67-40F4-4728-91C8-258B8E608147}"
EndProject
Project("{FAE04EC0-301F-11D3-BF4B-00C04F79EFBC}") = "Api", "Api\Api.csproj", "{66529905-9D23-44E4-9505-F4189CBCCBFE}"
EndProject
Project("{FAE04EC0-301F-11D3-BF4B-00C04F79EFBC}") = "Cli", "Cli\Cli.csproj", "{2550B7B4-7FC7-4DE0-B77C-773D84CE75FF}"
EndProject
Project("{FAE04EC0-301F-11D3-BF4B-00C04F79EFBC}") = "Github", "Github\Github.csproj", "{827EA06D-67C8-4D29-BD9C-43692E225534}"
EndProject
Project("{FAE04EC0-301F-11D3-BF4B-00C04F79EFBC}") = "System", "System\System.csproj", "{0C712BB9-9207-497B-8D50-5BA136CCAEBC}"
EndProject
Project("{FAE04EC0-301F-11D3-BF4B-00C04F79EFBC}") = "Node", "Node\Node.csproj", "{AE1D71B2-316E-45AD-BB13-B014BD8998EF}"
EndProject
Global
	GlobalSection(SolutionConfigurationPlatforms) = preSolution
		Debug|Any CPU = Debug|Any CPU
		Debug|x64 = Debug|x64
		Debug|x86 = Debug|x86
		Release|Any CPU = Release|Any CPU
		Release|x64 = Release|x64
		Release|x86 = Release|x86
	EndGlobalSection
	GlobalSection(ProjectConfigurationPlatforms) = postSolution
		{7364763E-E360-4F7E-92ED-00124C7B3BE0}.Debug|Any CPU.ActiveCfg = Debug|Any CPU
		{7364763E-E360-4F7E-92ED-00124C7B3BE0}.Debug|Any CPU.Build.0 = Debug|Any CPU
		{7364763E-E360-4F7E-92ED-00124C7B3BE0}.Debug|x64.ActiveCfg = Debug|Any CPU
		{7364763E-E360-4F7E-92ED-00124C7B3BE0}.Debug|x64.Build.0 = Debug|Any CPU
		{7364763E-E360-4F7E-92ED-00124C7B3BE0}.Debug|x86.ActiveCfg = Debug|Any CPU
		{7364763E-E360-4F7E-92ED-00124C7B3BE0}.Debug|x86.Build.0 = Debug|Any CPU
		{7364763E-E360-4F7E-92ED-00124C7B3BE0}.Release|Any CPU.ActiveCfg = Release|Any CPU
		{7364763E-E360-4F7E-92ED-00124C7B3BE0}.Release|Any CPU.Build.0 = Release|Any CPU
		{7364763E-E360-4F7E-92ED-00124C7B3BE0}.Release|x64.ActiveCfg = Release|Any CPU
		{7364763E-E360-4F7E-92ED-00124C7B3BE0}.Release|x64.Build.0 = Release|Any CPU
		{7364763E-E360-4F7E-92ED-00124C7B3BE0}.Release|x86.ActiveCfg = Release|Any CPU
		{7364763E-E360-4F7E-92ED-00124C7B3BE0}.Release|x86.Build.0 = Release|Any CPU
		{C5672B9E-527F-4BA5-9FE0-90E9BB1A2207}.Debug|Any CPU.ActiveCfg = Debug|Any CPU
		{C5672B9E-527F-4BA5-9FE0-90E9BB1A2207}.Debug|Any CPU.Build.0 = Debug|Any CPU
		{C5672B9E-527F-4BA5-9FE0-90E9BB1A2207}.Debug|x64.ActiveCfg = Debug|Any CPU
		{C5672B9E-527F-4BA5-9FE0-90E9BB1A2207}.Debug|x64.Build.0 = Debug|Any CPU
		{C5672B9E-527F-4BA5-9FE0-90E9BB1A2207}.Debug|x86.ActiveCfg = Debug|Any CPU
		{C5672B9E-527F-4BA5-9FE0-90E9BB1A2207}.Debug|x86.Build.0 = Debug|Any CPU
		{C5672B9E-527F-4BA5-9FE0-90E9BB1A2207}.Release|Any CPU.ActiveCfg = Release|Any CPU
		{C5672B9E-527F-4BA5-9FE0-90E9BB1A2207}.Release|Any CPU.Build.0 = Release|Any CPU
		{C5672B9E-527F-4BA5-9FE0-90E9BB1A2207}.Release|x64.ActiveCfg = Release|Any CPU
		{C5672B9E-527F-4BA5-9FE0-90E9BB1A2207}.Release|x64.Build.0 = Release|Any CPU
		{C5672B9E-527F-4BA5-9FE0-90E9BB1A2207}.Release|x86.ActiveCfg = Release|Any CPU
		{C5672B9E-527F-4BA5-9FE0-90E9BB1A2207}.Release|x86.Build.0 = Release|Any CPU
		{6B6D02D5-CEC1-41BD-9BF8-84C7F3F35C3F}.Debug|Any CPU.ActiveCfg = Debug|Any CPU
		{6B6D02D5-CEC1-41BD-9BF8-84C7F3F35C3F}.Debug|Any CPU.Build.0 = Debug|Any CPU
		{6B6D02D5-CEC1-41BD-9BF8-84C7F3F35C3F}.Debug|x64.ActiveCfg = Debug|Any CPU
		{6B6D02D5-CEC1-41BD-9BF8-84C7F3F35C3F}.Debug|x64.Build.0 = Debug|Any CPU
		{6B6D02D5-CEC1-41BD-9BF8-84C7F3F35C3F}.Debug|x86.ActiveCfg = Debug|Any CPU
		{6B6D02D5-CEC1-41BD-9BF8-84C7F3F35C3F}.Debug|x86.Build.0 = Debug|Any CPU
		{6B6D02D5-CEC1-41BD-9BF8-84C7F3F35C3F}.Release|Any CPU.ActiveCfg = Release|Any CPU
		{6B6D02D5-CEC1-41BD-9BF8-84C7F3F35C3F}.Release|Any CPU.Build.0 = Release|Any CPU
		{6B6D02D5-CEC1-41BD-9BF8-84C7F3F35C3F}.Release|x64.ActiveCfg = Release|Any CPU
		{6B6D02D5-CEC1-41BD-9BF8-84C7F3F35C3F}.Release|x64.Build.0 = Release|Any CPU
		{6B6D02D5-CEC1-41BD-9BF8-84C7F3F35C3F}.Release|x86.ActiveCfg = Release|Any CPU
		{6B6D02D5-CEC1-41BD-9BF8-84C7F3F35C3F}.Release|x86.Build.0 = Release|Any CPU
		{D4970A67-40F4-4728-91C8-258B8E608147}.Debug|Any CPU.ActiveCfg = Debug|Any CPU
		{D4970A67-40F4-4728-91C8-258B8E608147}.Debug|Any CPU.Build.0 = Debug|Any CPU
		{D4970A67-40F4-4728-91C8-258B8E608147}.Debug|x64.ActiveCfg = Debug|Any CPU
		{D4970A67-40F4-4728-91C8-258B8E608147}.Debug|x64.Build.0 = Debug|Any CPU
		{D4970A67-40F4-4728-91C8-258B8E608147}.Debug|x86.ActiveCfg = Debug|Any CPU
		{D4970A67-40F4-4728-91C8-258B8E608147}.Debug|x86.Build.0 = Debug|Any CPU
		{D4970A67-40F4-4728-91C8-258B8E608147}.Release|Any CPU.ActiveCfg = Release|Any CPU
		{D4970A67-40F4-4728-91C8-258B8E608147}.Release|Any CPU.Build.0 = Release|Any CPU
		{D4970A67-40F4-4728-91C8-258B8E608147}.Release|x64.ActiveCfg = Release|Any CPU
		{D4970A67-40F4-4728-91C8-258B8E608147}.Release|x64.Build.0 = Release|Any CPU
		{D4970A67-40F4-4728-91C8-258B8E608147}.Release|x86.ActiveCfg = Release|Any CPU
		{D4970A67-40F4-4728-91C8-258B8E608147}.Release|x86.Build.0 = Release|Any CPU
		{66529905-9D23-44E4-9505-F4189CBCCBFE}.Debug|Any CPU.ActiveCfg = Debug|Any CPU
		{66529905-9D23-44E4-9505-F4189CBCCBFE}.Debug|Any CPU.Build.0 = Debug|Any CPU
		{66529905-9D23-44E4-9505-F4189CBCCBFE}.Debug|x64.ActiveCfg = Debug|Any CPU
		{66529905-9D23-44E4-9505-F4189CBCCBFE}.Debug|x64.Build.0 = Debug|Any CPU
		{66529905-9D23-44E4-9505-F4189CBCCBFE}.Debug|x86.ActiveCfg = Debug|Any CPU
		{66529905-9D23-44E4-9505-F4189CBCCBFE}.Debug|x86.Build.0 = Debug|Any CPU
		{66529905-9D23-44E4-9505-F4189CBCCBFE}.Release|Any CPU.ActiveCfg = Release|Any CPU
		{66529905-9D23-44E4-9505-F4189CBCCBFE}.Release|Any CPU.Build.0 = Release|Any CPU
		{66529905-9D23-44E4-9505-F4189CBCCBFE}.Release|x64.ActiveCfg = Release|Any CPU
		{66529905-9D23-44E4-9505-F4189CBCCBFE}.Release|x64.Build.0 = Release|Any CPU
		{66529905-9D23-44E4-9505-F4189CBCCBFE}.Release|x86.ActiveCfg = Release|Any CPU
		{66529905-9D23-44E4-9505-F4189CBCCBFE}.Release|x86.Build.0 = Release|Any CPU
		{2550B7B4-7FC7-4DE0-B77C-773D84CE75FF}.Debug|Any CPU.ActiveCfg = Debug|Any CPU
		{2550B7B4-7FC7-4DE0-B77C-773D84CE75FF}.Debug|Any CPU.Build.0 = Debug|Any CPU
		{2550B7B4-7FC7-4DE0-B77C-773D84CE75FF}.Debug|x64.ActiveCfg = Debug|Any CPU
		{2550B7B4-7FC7-4DE0-B77C-773D84CE75FF}.Debug|x64.Build.0 = Debug|Any CPU
		{2550B7B4-7FC7-4DE0-B77C-773D84CE75FF}.Debug|x86.ActiveCfg = Debug|Any CPU
		{2550B7B4-7FC7-4DE0-B77C-773D84CE75FF}.Debug|x86.Build.0 = Debug|Any CPU
		{2550B7B4-7FC7-4DE0-B77C-773D84CE75FF}.Release|Any CPU.ActiveCfg = Release|Any CPU
		{2550B7B4-7FC7-4DE0-B77C-773D84CE75FF}.Release|Any CPU.Build.0 = Release|Any CPU
		{2550B7B4-7FC7-4DE0-B77C-773D84CE75FF}.Release|x64.ActiveCfg = Release|Any CPU
		{2550B7B4-7FC7-4DE0-B77C-773D84CE75FF}.Release|x64.Build.0 = Release|Any CPU
		{2550B7B4-7FC7-4DE0-B77C-773D84CE75FF}.Release|x86.ActiveCfg = Release|Any CPU
		{2550B7B4-7FC7-4DE0-B77C-773D84CE75FF}.Release|x86.Build.0 = Release|Any CPU
		{827EA06D-67C8-4D29-BD9C-43692E225534}.Debug|Any CPU.ActiveCfg = Debug|Any CPU
		{827EA06D-67C8-4D29-BD9C-43692E225534}.Debug|Any CPU.Build.0 = Debug|Any CPU
		{827EA06D-67C8-4D29-BD9C-43692E225534}.Debug|x64.ActiveCfg = Debug|Any CPU
		{827EA06D-67C8-4D29-BD9C-43692E225534}.Debug|x64.Build.0 = Debug|Any CPU
		{827EA06D-67C8-4D29-BD9C-43692E225534}.Debug|x86.ActiveCfg = Debug|Any CPU
		{827EA06D-67C8-4D29-BD9C-43692E225534}.Debug|x86.Build.0 = Debug|Any CPU
		{827EA06D-67C8-4D29-BD9C-43692E225534}.Release|Any CPU.ActiveCfg = Release|Any CPU
		{827EA06D-67C8-4D29-BD9C-43692E225534}.Release|Any CPU.Build.0 = Release|Any CPU
		{827EA06D-67C8-4D29-BD9C-43692E225534}.Release|x64.ActiveCfg = Release|Any CPU
		{827EA06D-67C8-4D29-BD9C-43692E225534}.Release|x64.Build.0 = Release|Any CPU
		{827EA06D-67C8-4D29-BD9C-43692E225534}.Release|x86.ActiveCfg = Release|Any CPU
		{827EA06D-67C8-4D29-BD9C-43692E225534}.Release|x86.Build.0 = Release|Any CPU
		{0C712BB9-9207-497B-8D50-5BA136CCAEBC}.Debug|Any CPU.ActiveCfg = Debug|Any CPU
		{0C712BB9-9207-497B-8D50-5BA136CCAEBC}.Debug|Any CPU.Build.0 = Debug|Any CPU
		{0C712BB9-9207-497B-8D50-5BA136CCAEBC}.Debug|x64.ActiveCfg = Debug|Any CPU
		{0C712BB9-9207-497B-8D50-5BA136CCAEBC}.Debug|x64.Build.0 = Debug|Any CPU
		{0C712BB9-9207-497B-8D50-5BA136CCAEBC}.Debug|x86.ActiveCfg = Debug|Any CPU
		{0C712BB9-9207-497B-8D50-5BA136CCAEBC}.Debug|x86.Build.0 = Debug|Any CPU
		{0C712BB9-9207-497B-8D50-5BA136CCAEBC}.Release|Any CPU.ActiveCfg = Release|Any CPU
		{0C712BB9-9207-497B-8D50-5BA136CCAEBC}.Release|Any CPU.Build.0 = Release|Any CPU
		{0C712BB9-9207-497B-8D50-5BA136CCAEBC}.Release|x64.ActiveCfg = Release|Any CPU
		{0C712BB9-9207-497B-8D50-5BA136CCAEBC}.Release|x64.Build.0 = Release|Any CPU
		{0C712BB9-9207-497B-8D50-5BA136CCAEBC}.Release|x86.ActiveCfg = Release|Any CPU
		{0C712BB9-9207-497B-8D50-5BA136CCAEBC}.Release|x86.Build.0 = Release|Any CPU
		{AE1D71B2-316E-45AD-BB13-B014BD8998EF}.Debug|Any CPU.ActiveCfg = Debug|Any CPU
		{AE1D71B2-316E-45AD-BB13-B014BD8998EF}.Debug|Any CPU.Build.0 = Debug|Any CPU
		{AE1D71B2-316E-45AD-BB13-B014BD8998EF}.Debug|x64.ActiveCfg = Debug|Any CPU
		{AE1D71B2-316E-45AD-BB13-B014BD8998EF}.Debug|x64.Build.0 = Debug|Any CPU
		{AE1D71B2-316E-45AD-BB13-B014BD8998EF}.Debug|x86.ActiveCfg = Debug|Any CPU
		{AE1D71B2-316E-45AD-BB13-B014BD8998EF}.Debug|x86.Build.0 = Debug|Any CPU
		{AE1D71B2-316E-45AD-BB13-B014BD8998EF}.Release|Any CPU.ActiveCfg = Release|Any CPU
		{AE1D71B2-316E-45AD-BB13-B014BD8998EF}.Release|Any CPU.Build.0 = Release|Any CPU
		{AE1D71B2-316E-45AD-BB13-B014BD8998EF}.Release|x64.ActiveCfg = Release|Any CPU
		{AE1D71B2-316E-45AD-BB13-B014BD8998EF}.Release|x64.Build.0 = Release|Any CPU
		{AE1D71B2-316E-45AD-BB13-B014BD8998EF}.Release|x86.ActiveCfg = Release|Any CPU
		{AE1D71B2-316E-45AD-BB13-B014BD8998EF}.Release|x86.Build.0 = Release|Any CPU
	EndGlobalSection
	GlobalSection(SolutionProperties) = preSolution
		HideSolutionNode = FALSE
	EndGlobalSection
EndGlobal
